// !$*UTF8*$!
{
	archiveVersion = 1;
	classes = {
	};
	objectVersion = 48;
	objects = {

/* Begin PBXBuildFile section */
		B30C865E2030E6E4004D654F /* UIButtonX.swift in Sources */ = {isa = PBXBuildFile; fileRef = B30C865A2030E6E3004D654F /* UIButtonX.swift */; };
		B30C865F2030E6E4004D654F /* UILabelX.swift in Sources */ = {isa = PBXBuildFile; fileRef = B30C865B2030E6E3004D654F /* UILabelX.swift */; };
		B30C86602030E6E4004D654F /* UIImageViewX.swift in Sources */ = {isa = PBXBuildFile; fileRef = B30C865C2030E6E3004D654F /* UIImageViewX.swift */; };
		B30C86612030E6E4004D654F /* UIViewX.swift in Sources */ = {isa = PBXBuildFile; fileRef = B30C865D2030E6E3004D654F /* UIViewX.swift */; };
		B30C86632030E9E2004D654F /* unnamed.jpg in Resources */ = {isa = PBXBuildFile; fileRef = B30C86622030E9E1004D654F /* unnamed.jpg */; };
		B30C86672030EC3A004D654F /* ProfileVC.swift in Sources */ = {isa = PBXBuildFile; fileRef = B30C86662030EC3A004D654F /* ProfileVC.swift */; };
		B30C86692030ECF0004D654F /* UserProfileTVCell.swift in Sources */ = {isa = PBXBuildFile; fileRef = B30C86682030ECF0004D654F /* UserProfileTVCell.swift */; };
		B30C866D20310166004D654F /* HeaderCell.swift in Sources */ = {isa = PBXBuildFile; fileRef = B30C866C20310166004D654F /* HeaderCell.swift */; };
		B30C866F2031369C004D654F /* AgendaTVCell.swift in Sources */ = {isa = PBXBuildFile; fileRef = B30C866E2031369C004D654F /* AgendaTVCell.swift */; };
		B30C867320323C9F004D654F /* GoogleService-Info.plist in Resources */ = {isa = PBXBuildFile; fileRef = B30C867220323C9E004D654F /* GoogleService-Info.plist */; };
		B323B482202CE7F000171E82 /* AppDelegate.swift in Sources */ = {isa = PBXBuildFile; fileRef = B323B481202CE7F000171E82 /* AppDelegate.swift */; };
		B323B484202CE7F000171E82 /* MainTabViewController.swift in Sources */ = {isa = PBXBuildFile; fileRef = B323B483202CE7F000171E82 /* MainTabViewController.swift */; };
		B323B487202CE7F000171E82 /* Main.storyboard in Resources */ = {isa = PBXBuildFile; fileRef = B323B485202CE7F000171E82 /* Main.storyboard */; };
		B323B489202CE7F000171E82 /* Assets.xcassets in Resources */ = {isa = PBXBuildFile; fileRef = B323B488202CE7F000171E82 /* Assets.xcassets */; };
		B323B48C202CE7F000171E82 /* LaunchScreen.storyboard in Resources */ = {isa = PBXBuildFile; fileRef = B323B48A202CE7F000171E82 /* LaunchScreen.storyboard */; };
		B323B494202CF0E500171E82 /* Helper.swift in Sources */ = {isa = PBXBuildFile; fileRef = B323B493202CF0E500171E82 /* Helper.swift */; };
		B323B4AC202D08A400171E82 /* arrow-down-sign-to-navigate.png in Resources */ = {isa = PBXBuildFile; fileRef = B323B498202D08A300171E82 /* arrow-down-sign-to-navigate.png */; };
		B323B4AD202D08A400171E82 /* home@2x.png in Resources */ = {isa = PBXBuildFile; fileRef = B323B499202D08A300171E82 /* home@2x.png */; };
		B323B4AF202D08A400171E82 /* down-arrow.png in Resources */ = {isa = PBXBuildFile; fileRef = B323B49B202D08A300171E82 /* down-arrow.png */; };
		B323B4B0202D08A400171E82 /* images.jpeg in Resources */ = {isa = PBXBuildFile; fileRef = B323B49C202D08A300171E82 /* images.jpeg */; };
		B323B4B1202D08A400171E82 /* Screen Shot 2017-12-11 at 7.17.02 PM.png in Resources */ = {isa = PBXBuildFile; fileRef = B323B49D202D08A300171E82 /* Screen Shot 2017-12-11 at 7.17.02 PM.png */; };
		B323B4B2202D08A400171E82 /* otherGirl.jpg in Resources */ = {isa = PBXBuildFile; fileRef = B323B49E202D08A300171E82 /* otherGirl.jpg */; };
		B323B4B3202D08A400171E82 /* Sally.jpg in Resources */ = {isa = PBXBuildFile; fileRef = B323B49F202D08A300171E82 /* Sally.jpg */; };
		B323B4B4202D08A400171E82 /* girl.jpg in Resources */ = {isa = PBXBuildFile; fileRef = B323B4A0202D08A300171E82 /* girl.jpg */; };
		B323B4B5202D08A400171E82 /* settings-gears@2x.png in Resources */ = {isa = PBXBuildFile; fileRef = B323B4A1202D08A300171E82 /* settings-gears@2x.png */; };
		B323B4B6202D08A400171E82 /* capitalizing_on_the_economic_potential_of_foreign_entrepreneurs_feature.png in Resources */ = {isa = PBXBuildFile; fileRef = B323B4A2202D08A300171E82 /* capitalizing_on_the_economic_potential_of_foreign_entrepreneurs_feature.png */; };
		B323B4B7202D08A400171E82 /* multiple-users-silhouette@2x.png in Resources */ = {isa = PBXBuildFile; fileRef = B323B4A3202D08A300171E82 /* multiple-users-silhouette@2x.png */; };
		B323B4B8202D08A400171E82 /* profile-default-male@2x.png in Resources */ = {isa = PBXBuildFile; fileRef = B323B4A4202D08A300171E82 /* profile-default-male@2x.png */; };
		B323B4B9202D08A400171E82 /* beachygirl.png in Resources */ = {isa = PBXBuildFile; fileRef = B323B4A5202D08A300171E82 /* beachygirl.png */; };
		B323B4BA202D08A400171E82 /* settings-work-tool@2x.png in Resources */ = {isa = PBXBuildFile; fileRef = B323B4A6202D08A300171E82 /* settings-work-tool@2x.png */; };
		B323B4BB202D08A400171E82 /* target@2x.png in Resources */ = {isa = PBXBuildFile; fileRef = B323B4A7202D08A300171E82 /* target@2x.png */; };
		B323B4BC202D08A400171E82 /* bb.png in Resources */ = {isa = PBXBuildFile; fileRef = B323B4A8202D08A300171E82 /* bb.png */; };
		B323B4BD202D08A400171E82 /* Default-avatar@2x.jpg in Resources */ = {isa = PBXBuildFile; fileRef = B323B4A9202D08A300171E82 /* Default-avatar@2x.jpg */; };
		B323B4BE202D08A400171E82 /* Baby.jpg in Resources */ = {isa = PBXBuildFile; fileRef = B323B4AA202D08A300171E82 /* Baby.jpg */; };
		B323B4BF202D08A400171E82 /* explore@2x.png in Resources */ = {isa = PBXBuildFile; fileRef = B323B4AB202D08A300171E82 /* explore@2x.png */; };
		B323B4C3202D0B2200171E82 /* LogoTransparent.png in Resources */ = {isa = PBXBuildFile; fileRef = B323B4C2202D0B2200171E82 /* LogoTransparent.png */; };
		B358A3C820373CCB008C9FBC /* CreateAccountVC.swift in Sources */ = {isa = PBXBuildFile; fileRef = B358A3C720373CCB008C9FBC /* CreateAccountVC.swift */; };
		B371B788203779B400B7BC09 /* HomeActivityDetailVC.swift in Sources */ = {isa = PBXBuildFile; fileRef = B371B787203779B400B7BC09 /* HomeActivityDetailVC.swift */; };
		B372F53D202D0D4700DA22E9 /* LogoTransparent_small@2x.png in Resources */ = {isa = PBXBuildFile; fileRef = B372F53C202D0D4700DA22E9 /* LogoTransparent_small@2x.png */; };
		B372F53F202D2CDB00DA22E9 /* user-silhouette@2x.png in Resources */ = {isa = PBXBuildFile; fileRef = B372F53E202D2CDB00DA22E9 /* user-silhouette@2x.png */; };
		B372F541202D2DD900DA22E9 /* man-user@2x.png in Resources */ = {isa = PBXBuildFile; fileRef = B372F540202D2DD800DA22E9 /* man-user@2x.png */; };
		B3A6395D2037459600FC767B /* PhoneAuthVC.swift in Sources */ = {isa = PBXBuildFile; fileRef = B3A6395C2037459600FC767B /* PhoneAuthVC.swift */; };
		B3A6395F2037576B00FC767B /* ActivityTVCell.swift in Sources */ = {isa = PBXBuildFile; fileRef = B3A6395E2037576B00FC767B /* ActivityTVCell.swift */; };
		B3A6396120375C2C00FC767B /* HotItemsTVController.swift in Sources */ = {isa = PBXBuildFile; fileRef = B3A6396020375C2C00FC767B /* HotItemsTVController.swift */; };
		B3FEB36C20488A2F00BC04A6 /* ExploreTVController.swift in Sources */ = {isa = PBXBuildFile; fileRef = B3FEB36B20488A2F00BC04A6 /* ExploreTVController.swift */; };
		B3FEB36E2048AA5500BC04A6 /* ActivityWithPromoPicTVCell.swift in Sources */ = {isa = PBXBuildFile; fileRef = B3FEB36D2048AA5500BC04A6 /* ActivityWithPromoPicTVCell.swift */; };
		B3FEB3712048AD6A00BC04A6 /* Activity.swift in Sources */ = {isa = PBXBuildFile; fileRef = B3FEB3702048AD6A00BC04A6 /* Activity.swift */; };
		B3FEB3732048BD7800BC04A6 /* CreateActivity.storyboard in Resources */ = {isa = PBXBuildFile; fileRef = B3FEB3722048BD7800BC04A6 /* CreateActivity.storyboard */; };
		B3FEB3752048D4A600BC04A6 /* list@2x.png in Resources */ = {isa = PBXBuildFile; fileRef = B3FEB3742048D4A500BC04A6 /* list@2x.png */; };
		BBA01F3CD129F78FEEEC08F9 /* Pods_Want2.framework in Frameworks */ = {isa = PBXBuildFile; fileRef = 02F04AE27B24F5803E00B9E0 /* Pods_Want2.framework */; };
/* End PBXBuildFile section */

/* Begin PBXFileReference section */
		02F04AE27B24F5803E00B9E0 /* Pods_Want2.framework */ = {isa = PBXFileReference; explicitFileType = wrapper.framework; includeInIndex = 0; path = Pods_Want2.framework; sourceTree = BUILT_PRODUCTS_DIR; };
		6F4B6F203C2FC59999B3690F /* Pods-Want2.release.xcconfig */ = {isa = PBXFileReference; includeInIndex = 1; lastKnownFileType = text.xcconfig; name = "Pods-Want2.release.xcconfig"; path = "Pods/Target Support Files/Pods-Want2/Pods-Want2.release.xcconfig"; sourceTree = "<group>"; };
		ABC95BBC9C467B639763FC82 /* Pods-Want2.debug.xcconfig */ = {isa = PBXFileReference; includeInIndex = 1; lastKnownFileType = text.xcconfig; name = "Pods-Want2.debug.xcconfig"; path = "Pods/Target Support Files/Pods-Want2/Pods-Want2.debug.xcconfig"; sourceTree = "<group>"; };
		B30C865A2030E6E3004D654F /* UIButtonX.swift */ = {isa = PBXFileReference; fileEncoding = 4; lastKnownFileType = sourcecode.swift; path = UIButtonX.swift; sourceTree = "<group>"; };
		B30C865B2030E6E3004D654F /* UILabelX.swift */ = {isa = PBXFileReference; fileEncoding = 4; lastKnownFileType = sourcecode.swift; path = UILabelX.swift; sourceTree = "<group>"; };
		B30C865C2030E6E3004D654F /* UIImageViewX.swift */ = {isa = PBXFileReference; fileEncoding = 4; lastKnownFileType = sourcecode.swift; path = UIImageViewX.swift; sourceTree = "<group>"; };
		B30C865D2030E6E3004D654F /* UIViewX.swift */ = {isa = PBXFileReference; fileEncoding = 4; lastKnownFileType = sourcecode.swift; path = UIViewX.swift; sourceTree = "<group>"; };
		B30C86622030E9E1004D654F /* unnamed.jpg */ = {isa = PBXFileReference; lastKnownFileType = image.jpeg; path = unnamed.jpg; sourceTree = "<group>"; };
		B30C86662030EC3A004D654F /* ProfileVC.swift */ = {isa = PBXFileReference; lastKnownFileType = sourcecode.swift; path = ProfileVC.swift; sourceTree = "<group>"; };
		B30C86682030ECF0004D654F /* UserProfileTVCell.swift */ = {isa = PBXFileReference; lastKnownFileType = sourcecode.swift; path = UserProfileTVCell.swift; sourceTree = "<group>"; };
		B30C866C20310166004D654F /* HeaderCell.swift */ = {isa = PBXFileReference; lastKnownFileType = sourcecode.swift; path = HeaderCell.swift; sourceTree = "<group>"; };
		B30C866E2031369C004D654F /* AgendaTVCell.swift */ = {isa = PBXFileReference; lastKnownFileType = sourcecode.swift; path = AgendaTVCell.swift; sourceTree = "<group>"; };
		B30C867220323C9E004D654F /* GoogleService-Info.plist */ = {isa = PBXFileReference; fileEncoding = 4; lastKnownFileType = text.plist.xml; path = "GoogleService-Info.plist"; sourceTree = "<group>"; };
		B323B47E202CE7F000171E82 /* Want2.app */ = {isa = PBXFileReference; explicitFileType = wrapper.application; includeInIndex = 0; path = Want2.app; sourceTree = BUILT_PRODUCTS_DIR; };
		B323B481202CE7F000171E82 /* AppDelegate.swift */ = {isa = PBXFileReference; lastKnownFileType = sourcecode.swift; path = AppDelegate.swift; sourceTree = "<group>"; };
		B323B483202CE7F000171E82 /* MainTabViewController.swift */ = {isa = PBXFileReference; lastKnownFileType = sourcecode.swift; path = MainTabViewController.swift; sourceTree = "<group>"; };
		B323B486202CE7F000171E82 /* Base */ = {isa = PBXFileReference; lastKnownFileType = file.storyboard; name = Base; path = Base.lproj/Main.storyboard; sourceTree = "<group>"; };
		B323B488202CE7F000171E82 /* Assets.xcassets */ = {isa = PBXFileReference; lastKnownFileType = folder.assetcatalog; path = Assets.xcassets; sourceTree = "<group>"; };
		B323B48B202CE7F000171E82 /* Base */ = {isa = PBXFileReference; lastKnownFileType = file.storyboard; name = Base; path = Base.lproj/LaunchScreen.storyboard; sourceTree = "<group>"; };
		B323B48D202CE7F000171E82 /* Info.plist */ = {isa = PBXFileReference; lastKnownFileType = text.plist.xml; path = Info.plist; sourceTree = "<group>"; };
		B323B493202CF0E500171E82 /* Helper.swift */ = {isa = PBXFileReference; lastKnownFileType = sourcecode.swift; path = Helper.swift; sourceTree = "<group>"; };
		B323B498202D08A300171E82 /* arrow-down-sign-to-navigate.png */ = {isa = PBXFileReference; lastKnownFileType = image.png; path = "arrow-down-sign-to-navigate.png"; sourceTree = "<group>"; };
		B323B499202D08A300171E82 /* home@2x.png */ = {isa = PBXFileReference; lastKnownFileType = image.png; path = "home@2x.png"; sourceTree = "<group>"; };
		B323B49B202D08A300171E82 /* down-arrow.png */ = {isa = PBXFileReference; lastKnownFileType = image.png; path = "down-arrow.png"; sourceTree = "<group>"; };
		B323B49C202D08A300171E82 /* images.jpeg */ = {isa = PBXFileReference; lastKnownFileType = image.jpeg; path = images.jpeg; sourceTree = "<group>"; };
		B323B49D202D08A300171E82 /* Screen Shot 2017-12-11 at 7.17.02 PM.png */ = {isa = PBXFileReference; lastKnownFileType = image.png; path = "Screen Shot 2017-12-11 at 7.17.02 PM.png"; sourceTree = "<group>"; };
		B323B49E202D08A300171E82 /* otherGirl.jpg */ = {isa = PBXFileReference; lastKnownFileType = image.jpeg; path = otherGirl.jpg; sourceTree = "<group>"; };
		B323B49F202D08A300171E82 /* Sally.jpg */ = {isa = PBXFileReference; lastKnownFileType = image.jpeg; path = Sally.jpg; sourceTree = "<group>"; };
		B323B4A0202D08A300171E82 /* girl.jpg */ = {isa = PBXFileReference; lastKnownFileType = image.jpeg; path = girl.jpg; sourceTree = "<group>"; };
		B323B4A1202D08A300171E82 /* settings-gears@2x.png */ = {isa = PBXFileReference; lastKnownFileType = image.png; path = "settings-gears@2x.png"; sourceTree = "<group>"; };
		B323B4A2202D08A300171E82 /* capitalizing_on_the_economic_potential_of_foreign_entrepreneurs_feature.png */ = {isa = PBXFileReference; lastKnownFileType = image.png; path = capitalizing_on_the_economic_potential_of_foreign_entrepreneurs_feature.png; sourceTree = "<group>"; };
		B323B4A3202D08A300171E82 /* multiple-users-silhouette@2x.png */ = {isa = PBXFileReference; lastKnownFileType = image.png; path = "multiple-users-silhouette@2x.png"; sourceTree = "<group>"; };
		B323B4A4202D08A300171E82 /* profile-default-male@2x.png */ = {isa = PBXFileReference; lastKnownFileType = image.png; path = "profile-default-male@2x.png"; sourceTree = "<group>"; };
		B323B4A5202D08A300171E82 /* beachygirl.png */ = {isa = PBXFileReference; lastKnownFileType = image.png; path = beachygirl.png; sourceTree = "<group>"; };
		B323B4A6202D08A300171E82 /* settings-work-tool@2x.png */ = {isa = PBXFileReference; lastKnownFileType = image.png; path = "settings-work-tool@2x.png"; sourceTree = "<group>"; };
		B323B4A7202D08A300171E82 /* target@2x.png */ = {isa = PBXFileReference; lastKnownFileType = image.png; path = "target@2x.png"; sourceTree = "<group>"; };
		B323B4A8202D08A300171E82 /* bb.png */ = {isa = PBXFileReference; lastKnownFileType = image.png; path = bb.png; sourceTree = "<group>"; };
		B323B4A9202D08A300171E82 /* Default-avatar@2x.jpg */ = {isa = PBXFileReference; lastKnownFileType = image.jpeg; path = "Default-avatar@2x.jpg"; sourceTree = "<group>"; };
		B323B4AA202D08A300171E82 /* Baby.jpg */ = {isa = PBXFileReference; lastKnownFileType = image.jpeg; path = Baby.jpg; sourceTree = "<group>"; };
		B323B4AB202D08A300171E82 /* explore@2x.png */ = {isa = PBXFileReference; lastKnownFileType = image.png; path = "explore@2x.png"; sourceTree = "<group>"; };
		B323B4C2202D0B2200171E82 /* LogoTransparent.png */ = {isa = PBXFileReference; lastKnownFileType = image.png; path = LogoTransparent.png; sourceTree = "<group>"; };
		B358A3C720373CCB008C9FBC /* CreateAccountVC.swift */ = {isa = PBXFileReference; lastKnownFileType = sourcecode.swift; path = CreateAccountVC.swift; sourceTree = "<group>"; };
		B371B787203779B400B7BC09 /* HomeActivityDetailVC.swift */ = {isa = PBXFileReference; lastKnownFileType = sourcecode.swift; path = HomeActivityDetailVC.swift; sourceTree = "<group>"; };
		B372F53C202D0D4700DA22E9 /* LogoTransparent_small@2x.png */ = {isa = PBXFileReference; lastKnownFileType = image.png; path = "LogoTransparent_small@2x.png"; sourceTree = "<group>"; };
		B372F53E202D2CDB00DA22E9 /* user-silhouette@2x.png */ = {isa = PBXFileReference; lastKnownFileType = image.png; path = "user-silhouette@2x.png"; sourceTree = "<group>"; };
		B372F540202D2DD800DA22E9 /* man-user@2x.png */ = {isa = PBXFileReference; lastKnownFileType = image.png; path = "man-user@2x.png"; sourceTree = "<group>"; };
		B38BFA84203243880084DA9D /* Want2.entitlements */ = {isa = PBXFileReference; lastKnownFileType = text.plist.entitlements; path = Want2.entitlements; sourceTree = "<group>"; };
		B3A6395C2037459600FC767B /* PhoneAuthVC.swift */ = {isa = PBXFileReference; lastKnownFileType = sourcecode.swift; path = PhoneAuthVC.swift; sourceTree = "<group>"; };
		B3A6395E2037576B00FC767B /* ActivityTVCell.swift */ = {isa = PBXFileReference; lastKnownFileType = sourcecode.swift; path = ActivityTVCell.swift; sourceTree = "<group>"; };
		B3A6396020375C2C00FC767B /* HotItemsTVController.swift */ = {isa = PBXFileReference; lastKnownFileType = sourcecode.swift; path = HotItemsTVController.swift; sourceTree = "<group>"; };
		B3FEB36B20488A2F00BC04A6 /* ExploreTVController.swift */ = {isa = PBXFileReference; lastKnownFileType = sourcecode.swift; path = ExploreTVController.swift; sourceTree = "<group>"; };
		B3FEB36D2048AA5500BC04A6 /* ActivityWithPromoPicTVCell.swift */ = {isa = PBXFileReference; lastKnownFileType = sourcecode.swift; path = ActivityWithPromoPicTVCell.swift; sourceTree = "<group>"; };
		B3FEB3702048AD6A00BC04A6 /* Activity.swift */ = {isa = PBXFileReference; lastKnownFileType = sourcecode.swift; path = Activity.swift; sourceTree = "<group>"; };
		B3FEB3722048BD7800BC04A6 /* CreateActivity.storyboard */ = {isa = PBXFileReference; lastKnownFileType = file.storyboard; path = CreateActivity.storyboard; sourceTree = "<group>"; };
		B3FEB3742048D4A500BC04A6 /* list@2x.png */ = {isa = PBXFileReference; lastKnownFileType = image.png; path = "list@2x.png"; sourceTree = "<group>"; };
/* End PBXFileReference section */

/* Begin PBXFrameworksBuildPhase section */
		B323B47B202CE7F000171E82 /* Frameworks */ = {
			isa = PBXFrameworksBuildPhase;
			buildActionMask = 2147483647;
			files = (
				BBA01F3CD129F78FEEEC08F9 /* Pods_Want2.framework in Frameworks */,
			);
			runOnlyForDeploymentPostprocessing = 0;
		};
/* End PBXFrameworksBuildPhase section */

/* Begin PBXGroup section */
		7730DAD6AD0BC69E4E4E7397 /* Pods */ = {
			isa = PBXGroup;
			children = (
				ABC95BBC9C467B639763FC82 /* Pods-Want2.debug.xcconfig */,
				6F4B6F203C2FC59999B3690F /* Pods-Want2.release.xcconfig */,
			);
			name = Pods;
			sourceTree = "<group>";
		};
		B30C86592030E6E3004D654F /* Designables */ = {
			isa = PBXGroup;
			children = (
				B30C865A2030E6E3004D654F /* UIButtonX.swift */,
				B30C865B2030E6E3004D654F /* UILabelX.swift */,
				B30C865C2030E6E3004D654F /* UIImageViewX.swift */,
				B30C865D2030E6E3004D654F /* UIViewX.swift */,
			);
			path = Designables;
			sourceTree = "<group>";
		};
		B30C866A2030ED15004D654F /* Controllers */ = {
			isa = PBXGroup;
			children = (
				B30C86662030EC3A004D654F /* ProfileVC.swift */,
				B3A6396020375C2C00FC767B /* HotItemsTVController.swift */,
				B3A6395C2037459600FC767B /* PhoneAuthVC.swift */,
				B371B787203779B400B7BC09 /* HomeActivityDetailVC.swift */,
				B3FEB36B20488A2F00BC04A6 /* ExploreTVController.swift */,
				B358A3C720373CCB008C9FBC /* CreateAccountVC.swift */,
			);
			path = Controllers;
			sourceTree = "<group>";
		};
		B30C866B2030ED1C004D654F /* Models */ = {
			isa = PBXGroup;
			children = (
				B3FEB3702048AD6A00BC04A6 /* Activity.swift */,
				B3FEB36F2048AD4700BC04A6 /* TV Cell Models */,
			);
			path = Models;
			sourceTree = "<group>";
		};
		B323B475202CE7F000171E82 = {
			isa = PBXGroup;
			children = (
				B323B480202CE7F000171E82 /* Want2 */,
				B323B47F202CE7F000171E82 /* Products */,
				7730DAD6AD0BC69E4E4E7397 /* Pods */,
				CC007C933A6D5A877B7DCBD5 /* Frameworks */,
			);
			sourceTree = "<group>";
		};
		B323B47F202CE7F000171E82 /* Products */ = {
			isa = PBXGroup;
			children = (
				B323B47E202CE7F000171E82 /* Want2.app */,
			);
			name = Products;
			sourceTree = "<group>";
		};
		B323B480202CE7F000171E82 /* Want2 */ = {
			isa = PBXGroup;
			children = (
				B38BFA84203243880084DA9D /* Want2.entitlements */,
				B323B481202CE7F000171E82 /* AppDelegate.swift */,
				B323B483202CE7F000171E82 /* MainTabViewController.swift */,
				B323B493202CF0E500171E82 /* Helper.swift */,
				B323B485202CE7F000171E82 /* Main.storyboard */,
				B3FEB3722048BD7800BC04A6 /* CreateActivity.storyboard */,
				B30C866A2030ED15004D654F /* Controllers */,
				B30C866B2030ED1C004D654F /* Models */,
				B30C86592030E6E3004D654F /* Designables */,
				B323B497202D08A300171E82 /* Icons */,
				B323B488202CE7F000171E82 /* Assets.xcassets */,
				B323B48A202CE7F000171E82 /* LaunchScreen.storyboard */,
				B323B48D202CE7F000171E82 /* Info.plist */,
				B30C867220323C9E004D654F /* GoogleService-Info.plist */,
			);
			path = Want2;
			sourceTree = "<group>";
		};
		B323B497202D08A300171E82 /* Icons */ = {
			isa = PBXGroup;
			children = (
				B3FEB3742048D4A500BC04A6 /* list@2x.png */,
				B372F53C202D0D4700DA22E9 /* LogoTransparent_small@2x.png */,
				B323B498202D08A300171E82 /* arrow-down-sign-to-navigate.png */,
				B323B499202D08A300171E82 /* home@2x.png */,
				B323B49B202D08A300171E82 /* down-arrow.png */,
				B323B4C2202D0B2200171E82 /* LogoTransparent.png */,
				B323B49C202D08A300171E82 /* images.jpeg */,
				B323B49D202D08A300171E82 /* Screen Shot 2017-12-11 at 7.17.02 PM.png */,
				B323B49E202D08A300171E82 /* otherGirl.jpg */,
				B323B49F202D08A300171E82 /* Sally.jpg */,
				B30C86622030E9E1004D654F /* unnamed.jpg */,
				B323B4A0202D08A300171E82 /* girl.jpg */,
				B323B4A1202D08A300171E82 /* settings-gears@2x.png */,
				B323B4A2202D08A300171E82 /* capitalizing_on_the_economic_potential_of_foreign_entrepreneurs_feature.png */,
				B323B4A3202D08A300171E82 /* multiple-users-silhouette@2x.png */,
				B372F540202D2DD800DA22E9 /* man-user@2x.png */,
				B372F53E202D2CDB00DA22E9 /* user-silhouette@2x.png */,
				B323B4A4202D08A300171E82 /* profile-default-male@2x.png */,
				B323B4A5202D08A300171E82 /* beachygirl.png */,
				B323B4A6202D08A300171E82 /* settings-work-tool@2x.png */,
				B323B4A7202D08A300171E82 /* target@2x.png */,
				B323B4A8202D08A300171E82 /* bb.png */,
				B323B4A9202D08A300171E82 /* Default-avatar@2x.jpg */,
				B323B4AA202D08A300171E82 /* Baby.jpg */,
				B323B4AB202D08A300171E82 /* explore@2x.png */,
			);
			path = Icons;
			sourceTree = "<group>";
		};
		B3FEB36F2048AD4700BC04A6 /* TV Cell Models */ = {
			isa = PBXGroup;
			children = (
				B30C86682030ECF0004D654F /* UserProfileTVCell.swift */,
				B30C866C20310166004D654F /* HeaderCell.swift */,
				B3FEB36D2048AA5500BC04A6 /* ActivityWithPromoPicTVCell.swift */,
				B3A6395E2037576B00FC767B /* ActivityTVCell.swift */,
				B30C866E2031369C004D654F /* AgendaTVCell.swift */,
			);
			path = "TV Cell Models";
			sourceTree = "<group>";
		};
		CC007C933A6D5A877B7DCBD5 /* Frameworks */ = {
			isa = PBXGroup;
			children = (
				02F04AE27B24F5803E00B9E0 /* Pods_Want2.framework */,
			);
			name = Frameworks;
			sourceTree = "<group>";
		};
/* End PBXGroup section */

/* Begin PBXNativeTarget section */
		B323B47D202CE7F000171E82 /* Want2 */ = {
			isa = PBXNativeTarget;
			buildConfigurationList = B323B490202CE7F000171E82 /* Build configuration list for PBXNativeTarget "Want2" */;
			buildPhases = (
				DD9296D030D2B3682604EDD8 /* [CP] Check Pods Manifest.lock */,
				B323B47A202CE7F000171E82 /* Sources */,
				B323B47B202CE7F000171E82 /* Frameworks */,
				B323B47C202CE7F000171E82 /* Resources */,
				A6CBAF0D1EE84FB9BF4A4639 /* [CP] Embed Pods Frameworks */,
				D3F1556CDD5081388E80C289 /* [CP] Copy Pods Resources */,
			);
			buildRules = (
			);
			dependencies = (
			);
			name = Want2;
			productName = Want2;
			productReference = B323B47E202CE7F000171E82 /* Want2.app */;
			productType = "com.apple.product-type.application";
		};
/* End PBXNativeTarget section */

/* Begin PBXProject section */
		B323B476202CE7F000171E82 /* Project object */ = {
			isa = PBXProject;
			attributes = {
				LastSwiftUpdateCheck = 0920;
				LastUpgradeCheck = 0920;
				ORGANIZATIONNAME = Personal;
				TargetAttributes = {
					B323B47D202CE7F000171E82 = {
						CreatedOnToolsVersion = 9.2;
						ProvisioningStyle = Automatic;
						SystemCapabilities = {
							com.apple.Push = {
								enabled = 1;
							};
						};
					};
				};
			};
			buildConfigurationList = B323B479202CE7F000171E82 /* Build configuration list for PBXProject "Want2" */;
			compatibilityVersion = "Xcode 8.0";
			developmentRegion = en;
			hasScannedForEncodings = 0;
			knownRegions = (
				en,
				Base,
			);
			mainGroup = B323B475202CE7F000171E82;
			productRefGroup = B323B47F202CE7F000171E82 /* Products */;
			projectDirPath = "";
			projectRoot = "";
			targets = (
				B323B47D202CE7F000171E82 /* Want2 */,
			);
		};
/* End PBXProject section */

/* Begin PBXResourcesBuildPhase section */
		B323B47C202CE7F000171E82 /* Resources */ = {
			isa = PBXResourcesBuildPhase;
			buildActionMask = 2147483647;
			files = (
				B323B4B2202D08A400171E82 /* otherGirl.jpg in Resources */,
				B323B4B4202D08A400171E82 /* girl.jpg in Resources */,
				B372F53F202D2CDB00DA22E9 /* user-silhouette@2x.png in Resources */,
				B323B4AD202D08A400171E82 /* home@2x.png in Resources */,
				B323B4B9202D08A400171E82 /* beachygirl.png in Resources */,
				B323B4AC202D08A400171E82 /* arrow-down-sign-to-navigate.png in Resources */,
				B323B4BC202D08A400171E82 /* bb.png in Resources */,
				B323B48C202CE7F000171E82 /* LaunchScreen.storyboard in Resources */,
				B323B4BB202D08A400171E82 /* target@2x.png in Resources */,
				B323B489202CE7F000171E82 /* Assets.xcassets in Resources */,
				B3FEB3732048BD7800BC04A6 /* CreateActivity.storyboard in Resources */,
				B3FEB3752048D4A600BC04A6 /* list@2x.png in Resources */,
				B372F53D202D0D4700DA22E9 /* LogoTransparent_small@2x.png in Resources */,
				B323B4C3202D0B2200171E82 /* LogoTransparent.png in Resources */,
				B323B4B8202D08A400171E82 /* profile-default-male@2x.png in Resources */,
				B30C867320323C9F004D654F /* GoogleService-Info.plist in Resources */,
				B323B4B6202D08A400171E82 /* capitalizing_on_the_economic_potential_of_foreign_entrepreneurs_feature.png in Resources */,
				B323B4B7202D08A400171E82 /* multiple-users-silhouette@2x.png in Resources */,
				B323B4BE202D08A400171E82 /* Baby.jpg in Resources */,
				B323B4B5202D08A400171E82 /* settings-gears@2x.png in Resources */,
				B30C86632030E9E2004D654F /* unnamed.jpg in Resources */,
				B372F541202D2DD900DA22E9 /* man-user@2x.png in Resources */,
				B323B4BA202D08A400171E82 /* settings-work-tool@2x.png in Resources */,
				B323B4B3202D08A400171E82 /* Sally.jpg in Resources */,
				B323B4B0202D08A400171E82 /* images.jpeg in Resources */,
				B323B4B1202D08A400171E82 /* Screen Shot 2017-12-11 at 7.17.02 PM.png in Resources */,
				B323B4BF202D08A400171E82 /* explore@2x.png in Resources */,
				B323B487202CE7F000171E82 /* Main.storyboard in Resources */,
				B323B4BD202D08A400171E82 /* Default-avatar@2x.jpg in Resources */,
				B323B4AF202D08A400171E82 /* down-arrow.png in Resources */,
			);
			runOnlyForDeploymentPostprocessing = 0;
		};
/* End PBXResourcesBuildPhase section */

/* Begin PBXShellScriptBuildPhase section */
		A6CBAF0D1EE84FB9BF4A4639 /* [CP] Embed Pods Frameworks */ = {
			isa = PBXShellScriptBuildPhase;
			buildActionMask = 2147483647;
			files = (
			);
			inputPaths = (
				"${SRCROOT}/Pods/Target Support Files/Pods-Want2/Pods-Want2-frameworks.sh",
				"${BUILT_PRODUCTS_DIR}/GTMSessionFetcher/GTMSessionFetcher.framework",
				"${BUILT_PRODUCTS_DIR}/GoogleToolboxForMac/GoogleToolboxForMac.framework",
				"${BUILT_PRODUCTS_DIR}/leveldb-library/leveldb.framework",
				"${BUILT_PRODUCTS_DIR}/nanopb/nanopb.framework",
			);
			name = "[CP] Embed Pods Frameworks";
			outputPaths = (
				"${TARGET_BUILD_DIR}/${FRAMEWORKS_FOLDER_PATH}/GTMSessionFetcher.framework",
				"${TARGET_BUILD_DIR}/${FRAMEWORKS_FOLDER_PATH}/GoogleToolboxForMac.framework",
				"${TARGET_BUILD_DIR}/${FRAMEWORKS_FOLDER_PATH}/leveldb.framework",
				"${TARGET_BUILD_DIR}/${FRAMEWORKS_FOLDER_PATH}/nanopb.framework",
			);
			runOnlyForDeploymentPostprocessing = 0;
			shellPath = /bin/sh;
			shellScript = "\"${SRCROOT}/Pods/Target Support Files/Pods-Want2/Pods-Want2-frameworks.sh\"\n";
			showEnvVarsInLog = 0;
		};
		D3F1556CDD5081388E80C289 /* [CP] Copy Pods Resources */ = {
			isa = PBXShellScriptBuildPhase;
			buildActionMask = 2147483647;
			files = (
			);
			inputPaths = (
			);
			name = "[CP] Copy Pods Resources";
			outputPaths = (
			);
			runOnlyForDeploymentPostprocessing = 0;
			shellPath = /bin/sh;
			shellScript = "\"${SRCROOT}/Pods/Target Support Files/Pods-Want2/Pods-Want2-resources.sh\"\n";
			showEnvVarsInLog = 0;
		};
		DD9296D030D2B3682604EDD8 /* [CP] Check Pods Manifest.lock */ = {
			isa = PBXShellScriptBuildPhase;
			buildActionMask = 2147483647;
			files = (
			);
			inputPaths = (
				"${PODS_PODFILE_DIR_PATH}/Podfile.lock",
				"${PODS_ROOT}/Manifest.lock",
			);
			name = "[CP] Check Pods Manifest.lock";
			outputPaths = (
				"$(DERIVED_FILE_DIR)/Pods-Want2-checkManifestLockResult.txt",
			);
			runOnlyForDeploymentPostprocessing = 0;
			shellPath = /bin/sh;
			shellScript = "diff \"${PODS_PODFILE_DIR_PATH}/Podfile.lock\" \"${PODS_ROOT}/Manifest.lock\" > /dev/null\nif [ $? != 0 ] ; then\n    # print error to STDERR\n    echo \"error: The sandbox is not in sync with the Podfile.lock. Run 'pod install' or update your CocoaPods installation.\" >&2\n    exit 1\nfi\n# This output is used by Xcode 'outputs' to avoid re-running this script phase.\necho \"SUCCESS\" > \"${SCRIPT_OUTPUT_FILE_0}\"\n";
			showEnvVarsInLog = 0;
		};
/* End PBXShellScriptBuildPhase section */

/* Begin PBXSourcesBuildPhase section */
		B323B47A202CE7F000171E82 /* Sources */ = {
			isa = PBXSourcesBuildPhase;
			buildActionMask = 2147483647;
			files = (
				B3A6395D2037459600FC767B /* PhoneAuthVC.swift in Sources */,
				B30C86692030ECF0004D654F /* UserProfileTVCell.swift in Sources */,
				B30C865E2030E6E4004D654F /* UIButtonX.swift in Sources */,
				B358A3C820373CCB008C9FBC /* CreateAccountVC.swift in Sources */,
				B30C86672030EC3A004D654F /* ProfileVC.swift in Sources */,
				B323B484202CE7F000171E82 /* MainTabViewController.swift in Sources */,
				B30C865F2030E6E4004D654F /* UILabelX.swift in Sources */,
				B30C86602030E6E4004D654F /* UIImageViewX.swift in Sources */,
				B3A6396120375C2C00FC767B /* HotItemsTVController.swift in Sources */,
				B3FEB3712048AD6A00BC04A6 /* Activity.swift in Sources */,
				B30C866D20310166004D654F /* HeaderCell.swift in Sources */,
				B323B482202CE7F000171E82 /* AppDelegate.swift in Sources */,
				B3A6395F2037576B00FC767B /* ActivityTVCell.swift in Sources */,
				B3FEB36E2048AA5500BC04A6 /* ActivityWithPromoPicTVCell.swift in Sources */,
				B3FEB36C20488A2F00BC04A6 /* ExploreTVController.swift in Sources */,
				B371B788203779B400B7BC09 /* HomeActivityDetailVC.swift in Sources */,
				B30C86612030E6E4004D654F /* UIViewX.swift in Sources */,
				B30C866F2031369C004D654F /* AgendaTVCell.swift in Sources */,
				B323B494202CF0E500171E82 /* Helper.swift in Sources */,
			);
			runOnlyForDeploymentPostprocessing = 0;
		};
/* End PBXSourcesBuildPhase section */

/* Begin PBXVariantGroup section */
		B323B485202CE7F000171E82 /* Main.storyboard */ = {
			isa = PBXVariantGroup;
			children = (
				B323B486202CE7F000171E82 /* Base */,
			);
			name = Main.storyboard;
			sourceTree = "<group>";
		};
		B323B48A202CE7F000171E82 /* LaunchScreen.storyboard */ = {
			isa = PBXVariantGroup;
			children = (
				B323B48B202CE7F000171E82 /* Base */,
			);
			name = LaunchScreen.storyboard;
			sourceTree = "<group>";
		};
/* End PBXVariantGroup section */

/* Begin XCBuildConfiguration section */
		B323B48E202CE7F000171E82 /* Debug */ = {
			isa = XCBuildConfiguration;
			buildSettings = {
				ALWAYS_SEARCH_USER_PATHS = NO;
				CLANG_ANALYZER_NONNULL = YES;
				CLANG_ANALYZER_NUMBER_OBJECT_CONVERSION = YES_AGGRESSIVE;
				CLANG_CXX_LANGUAGE_STANDARD = "gnu++14";
				CLANG_CXX_LIBRARY = "libc++";
				CLANG_ENABLE_MODULES = YES;
				CLANG_ENABLE_OBJC_ARC = YES;
				CLANG_WARN_BLOCK_CAPTURE_AUTORELEASING = YES;
				CLANG_WARN_BOOL_CONVERSION = YES;
				CLANG_WARN_COMMA = YES;
				CLANG_WARN_CONSTANT_CONVERSION = YES;
				CLANG_WARN_DIRECT_OBJC_ISA_USAGE = YES_ERROR;
				CLANG_WARN_DOCUMENTATION_COMMENTS = YES;
				CLANG_WARN_EMPTY_BODY = YES;
				CLANG_WARN_ENUM_CONVERSION = YES;
				CLANG_WARN_INFINITE_RECURSION = YES;
				CLANG_WARN_INT_CONVERSION = YES;
				CLANG_WARN_NON_LITERAL_NULL_CONVERSION = YES;
				CLANG_WARN_OBJC_LITERAL_CONVERSION = YES;
				CLANG_WARN_OBJC_ROOT_CLASS = YES_ERROR;
				CLANG_WARN_RANGE_LOOP_ANALYSIS = YES;
				CLANG_WARN_STRICT_PROTOTYPES = YES;
				CLANG_WARN_SUSPICIOUS_MOVE = YES;
				CLANG_WARN_UNGUARDED_AVAILABILITY = YES_AGGRESSIVE;
				CLANG_WARN_UNREACHABLE_CODE = YES;
				CLANG_WARN__DUPLICATE_METHOD_MATCH = YES;
				CODE_SIGN_IDENTITY = "iPhone Developer";
				COPY_PHASE_STRIP = NO;
				DEBUG_INFORMATION_FORMAT = dwarf;
				ENABLE_STRICT_OBJC_MSGSEND = YES;
				ENABLE_TESTABILITY = YES;
				GCC_C_LANGUAGE_STANDARD = gnu11;
				GCC_DYNAMIC_NO_PIC = NO;
				GCC_NO_COMMON_BLOCKS = YES;
				GCC_OPTIMIZATION_LEVEL = 0;
				GCC_PREPROCESSOR_DEFINITIONS = (
					"DEBUG=1",
					"$(inherited)",
				);
				GCC_WARN_64_TO_32_BIT_CONVERSION = YES;
				GCC_WARN_ABOUT_RETURN_TYPE = YES_ERROR;
				GCC_WARN_UNDECLARED_SELECTOR = YES;
				GCC_WARN_UNINITIALIZED_AUTOS = YES_AGGRESSIVE;
				GCC_WARN_UNUSED_FUNCTION = YES;
				GCC_WARN_UNUSED_VARIABLE = YES;
				IPHONEOS_DEPLOYMENT_TARGET = 11.2;
				MTL_ENABLE_DEBUG_INFO = YES;
				ONLY_ACTIVE_ARCH = YES;
				SDKROOT = iphoneos;
				SWIFT_ACTIVE_COMPILATION_CONDITIONS = DEBUG;
				SWIFT_OPTIMIZATION_LEVEL = "-Onone";
			};
			name = Debug;
		};
		B323B48F202CE7F000171E82 /* Release */ = {
			isa = XCBuildConfiguration;
			buildSettings = {
				ALWAYS_SEARCH_USER_PATHS = NO;
				CLANG_ANALYZER_NONNULL = YES;
				CLANG_ANALYZER_NUMBER_OBJECT_CONVERSION = YES_AGGRESSIVE;
				CLANG_CXX_LANGUAGE_STANDARD = "gnu++14";
				CLANG_CXX_LIBRARY = "libc++";
				CLANG_ENABLE_MODULES = YES;
				CLANG_ENABLE_OBJC_ARC = YES;
				CLANG_WARN_BLOCK_CAPTURE_AUTORELEASING = YES;
				CLANG_WARN_BOOL_CONVERSION = YES;
				CLANG_WARN_COMMA = YES;
				CLANG_WARN_CONSTANT_CONVERSION = YES;
				CLANG_WARN_DIRECT_OBJC_ISA_USAGE = YES_ERROR;
				CLANG_WARN_DOCUMENTATION_COMMENTS = YES;
				CLANG_WARN_EMPTY_BODY = YES;
				CLANG_WARN_ENUM_CONVERSION = YES;
				CLANG_WARN_INFINITE_RECURSION = YES;
				CLANG_WARN_INT_CONVERSION = YES;
				CLANG_WARN_NON_LITERAL_NULL_CONVERSION = YES;
				CLANG_WARN_OBJC_LITERAL_CONVERSION = YES;
				CLANG_WARN_OBJC_ROOT_CLASS = YES_ERROR;
				CLANG_WARN_RANGE_LOOP_ANALYSIS = YES;
				CLANG_WARN_STRICT_PROTOTYPES = YES;
				CLANG_WARN_SUSPICIOUS_MOVE = YES;
				CLANG_WARN_UNGUARDED_AVAILABILITY = YES_AGGRESSIVE;
				CLANG_WARN_UNREACHABLE_CODE = YES;
				CLANG_WARN__DUPLICATE_METHOD_MATCH = YES;
				CODE_SIGN_IDENTITY = "iPhone Developer";
				COPY_PHASE_STRIP = NO;
				DEBUG_INFORMATION_FORMAT = "dwarf-with-dsym";
				ENABLE_NS_ASSERTIONS = NO;
				ENABLE_STRICT_OBJC_MSGSEND = YES;
				GCC_C_LANGUAGE_STANDARD = gnu11;
				GCC_NO_COMMON_BLOCKS = YES;
				GCC_WARN_64_TO_32_BIT_CONVERSION = YES;
				GCC_WARN_ABOUT_RETURN_TYPE = YES_ERROR;
				GCC_WARN_UNDECLARED_SELECTOR = YES;
				GCC_WARN_UNINITIALIZED_AUTOS = YES_AGGRESSIVE;
				GCC_WARN_UNUSED_FUNCTION = YES;
				GCC_WARN_UNUSED_VARIABLE = YES;
				IPHONEOS_DEPLOYMENT_TARGET = 11.2;
				MTL_ENABLE_DEBUG_INFO = NO;
				SDKROOT = iphoneos;
				SWIFT_OPTIMIZATION_LEVEL = "-Owholemodule";
				VALIDATE_PRODUCT = YES;
			};
			name = Release;
		};
		B323B491202CE7F000171E82 /* Debug */ = {
			isa = XCBuildConfiguration;
			baseConfigurationReference = ABC95BBC9C467B639763FC82 /* Pods-Want2.debug.xcconfig */;
			buildSettings = {
				ASSETCATALOG_COMPILER_APPICON_NAME = AppIcon;
				CODE_SIGN_ENTITLEMENTS = Want2/Want2.entitlements;
				CODE_SIGN_STYLE = Automatic;
				DEVELOPMENT_TEAM = 37NWD4XUMT;
				INFOPLIST_FILE = Want2/Info.plist;
				IPHONEOS_DEPLOYMENT_TARGET = 11.0;
				LD_RUNPATH_SEARCH_PATHS = "$(inherited) @executable_path/Frameworks";
				PRODUCT_BUNDLE_IDENTIFIER = com.personal.Want2;
				PRODUCT_NAME = "$(TARGET_NAME)";
				SWIFT_VERSION = 4.0;
				TARGETED_DEVICE_FAMILY = "1,2";
			};
			name = Debug;
		};
		B323B492202CE7F000171E82 /* Release */ = {
			isa = XCBuildConfiguration;
			baseConfigurationReference = 6F4B6F203C2FC59999B3690F /* Pods-Want2.release.xcconfig */;
			buildSettings = {
				ASSETCATALOG_COMPILER_APPICON_NAME = AppIcon;
				CODE_SIGN_ENTITLEMENTS = Want2/Want2.entitlements;
				CODE_SIGN_STYLE = Automatic;
				DEVELOPMENT_TEAM = 37NWD4XUMT;
				INFOPLIST_FILE = Want2/Info.plist;
				IPHONEOS_DEPLOYMENT_TARGET = 11.0;
				LD_RUNPATH_SEARCH_PATHS = "$(inherited) @executable_path/Frameworks";
				PRODUCT_BUNDLE_IDENTIFIER = com.personal.Want2;
				PRODUCT_NAME = "$(TARGET_NAME)";
				SWIFT_VERSION = 4.0;
				TARGETED_DEVICE_FAMILY = "1,2";
			};
			name = Release;
		};
/* End XCBuildConfiguration section */

/* Begin XCConfigurationList section */
		B323B479202CE7F000171E82 /* Build configuration list for PBXProject "Want2" */ = {
			isa = XCConfigurationList;
			buildConfigurations = (
				B323B48E202CE7F000171E82 /* Debug */,
				B323B48F202CE7F000171E82 /* Release */,
			);
			defaultConfigurationIsVisible = 0;
			defaultConfigurationName = Release;
		};
		B323B490202CE7F000171E82 /* Build configuration list for PBXNativeTarget "Want2" */ = {
			isa = XCConfigurationList;
			buildConfigurations = (
				B323B491202CE7F000171E82 /* Debug */,
				B323B492202CE7F000171E82 /* Release */,
			);
			defaultConfigurationIsVisible = 0;
			defaultConfigurationName = Release;
		};
/* End XCConfigurationList section */
	};
	rootObject = B323B476202CE7F000171E82 /* Project object */;
}
